
Microsoft Visual Studio Solution File, Format Version 12.00
# Visual Studio Version 16
VisualStudioVersion = 16.0.808.3
MinimumVisualStudioVersion = 10.0.40219.1
Project("{FAE04EC0-301F-11D3-BF4B-00C04F79EFBC}") = "blog-backend", "blog-backend.csproj", "{9AEB0BE6-E3B6-48E1-9F54-6660F6A17275}"
EndProject
Global
	GlobalSection(SolutionConfigurationPlatforms) = preSolution
		Debug|Any CPU = Debug|Any CPU
		Release|Any CPU = Release|Any CPU
	EndGlobalSection
	GlobalSection(ProjectConfigurationPlatforms) = postSolution
		{9AEB0BE6-E3B6-48E1-9F54-6660F6A17275}.Debug|Any CPU.ActiveCfg = Debug|Any CPU
		{9AEB0BE6-E3B6-48E1-9F54-6660F6A17275}.Debug|Any CPU.Build.0 = Debug|Any CPU
		{9AEB0BE6-E3B6-48E1-9F54-6660F6A17275}.Release|Any CPU.ActiveCfg = Release|Any CPU
		{9AEB0BE6-E3B6-48E1-9F54-6660F6A17275}.Release|Any CPU.Build.0 = Release|Any CPU
	EndGlobalSection
	GlobalSection(SolutionProperties) = preSolution
		HideSolutionNode = FALSE
	EndGlobalSection
	GlobalSection(ExtensibilityGlobals) = postSolution
		SolutionGuid = {303C2728-6223-4373-A531-4E6FD2C03BC9}
	EndGlobalSection
EndGlobal
